
Microsoft Visual Studio Solution File, Format Version 12.00
# Visual Studio Version 17
VisualStudioVersion = 17.4.33122.133
MinimumVisualStudioVersion = 10.0.40219.1
Project("{FAE04EC0-301F-11D3-BF4B-00C04F79EFBC}") = "WarehousingMockUp", "WarehousingMockUp\WarehousingMockUp.csproj", "{58AFF785-B979-41AD-A657-4D5415461509}"
EndProject
Global
	GlobalSection(SolutionConfigurationPlatforms) = preSolution
		Debug|Any CPU = Debug|Any CPU
		Release|Any CPU = Release|Any CPU
	EndGlobalSection
	GlobalSection(ProjectConfigurationPlatforms) = postSolution
		{58AFF785-B979-41AD-A657-4D5415461509}.Debug|Any CPU.ActiveCfg = Debug|Any CPU
		{58AFF785-B979-41AD-A657-4D5415461509}.Debug|Any CPU.Build.0 = Debug|Any CPU
		{58AFF785-B979-41AD-A657-4D5415461509}.Release|Any CPU.ActiveCfg = Release|Any CPU
		{58AFF785-B979-41AD-A657-4D5415461509}.Release|Any CPU.Build.0 = Release|Any CPU
	EndGlobalSection
	GlobalSection(SolutionProperties) = preSolution
		HideSolutionNode = FALSE
	EndGlobalSection
	GlobalSection(ExtensibilityGlobals) = postSolution
		SolutionGuid = {C79203D5-63CD-4AE8-8AE5-BA8D0AC58C62}
	EndGlobalSection
EndGlobal
